// !$*UTF8*$!
{
	archiveVersion = 1;
	classes = {
	};
	objectVersion = 46;
	objects = {

/* Begin PBXBuildFile section */
		8873596D15CC6C8D0087DD08 /* UIKit.framework in Frameworks */ = {isa = PBXBuildFile; fileRef = 8873596C15CC6C8D0087DD08 /* UIKit.framework */; };
		8873596F15CC6C8D0087DD08 /* Foundation.framework in Frameworks */ = {isa = PBXBuildFile; fileRef = 8873596E15CC6C8D0087DD08 /* Foundation.framework */; };
		8873597115CC6C8D0087DD08 /* CoreGraphics.framework in Frameworks */ = {isa = PBXBuildFile; fileRef = 8873597015CC6C8D0087DD08 /* CoreGraphics.framework */; };
		8873597715CC6C8D0087DD08 /* InfoPlist.strings in Resources */ = {isa = PBXBuildFile; fileRef = 8873597515CC6C8D0087DD08 /* InfoPlist.strings */; };
		8873597915CC6C8D0087DD08 /* main.m in Sources */ = {isa = PBXBuildFile; fileRef = 8873597815CC6C8D0087DD08 /* main.m */; };
		8873597D15CC6C8D0087DD08 /* SWAppDelegate.m in Sources */ = {isa = PBXBuildFile; fileRef = 8873597C15CC6C8D0087DD08 /* SWAppDelegate.m */; };
		8873598015CC6C8D0087DD08 /* MainStoryboard.storyboard in Resources */ = {isa = PBXBuildFile; fileRef = 8873597E15CC6C8D0087DD08 /* MainStoryboard.storyboard */; };
		8873598B15CC6CB10087DD08 /* SWNewRequestViewController.m in Sources */ = {isa = PBXBuildFile; fileRef = 8873598A15CC6CB10087DD08 /* SWNewRequestViewController.m */; };
		8873599015CC6CCF0087DD08 /* MapKit.framework in Frameworks */ = {isa = PBXBuildFile; fileRef = 8873598E15CC6CC70087DD08 /* MapKit.framework */; };
		8873599115CC6CCF0087DD08 /* QuartzCore.framework in Frameworks */ = {isa = PBXBuildFile; fileRef = 8873598C15CC6CC30087DD08 /* QuartzCore.framework */; };
		8873599915CC6E860087DD08 /* location-arrow@2x.png in Resources */ = {isa = PBXBuildFile; fileRef = 8873599315CC6E860087DD08 /* location-arrow@2x.png */; };
		8873599A15CC6E860087DD08 /* location-arrow.png in Resources */ = {isa = PBXBuildFile; fileRef = 8873599415CC6E860087DD08 /* location-arrow.png */; };
		8873599B15CC6E860087DD08 /* location.png in Resources */ = {isa = PBXBuildFile; fileRef = 8873599515CC6E860087DD08 /* location.png */; };
		8873599C15CC6E860087DD08 /* location@2x.png in Resources */ = {isa = PBXBuildFile; fileRef = 8873599615CC6E860087DD08 /* location@2x.png */; };
		8873599D15CC6E860087DD08 /* map-marker.png in Resources */ = {isa = PBXBuildFile; fileRef = 8873599715CC6E860087DD08 /* map-marker.png */; };
		8873599E15CC6E860087DD08 /* map-marker@2x.png in Resources */ = {isa = PBXBuildFile; fileRef = 8873599815CC6E860087DD08 /* map-marker@2x.png */; };
		887359A115CC765A0087DD08 /* SWChooseCarViewController.m in Sources */ = {isa = PBXBuildFile; fileRef = 887359A015CC765A0087DD08 /* SWChooseCarViewController.m */; };
		887359A415CC76940087DD08 /* SWRequestHistoryViewController.m in Sources */ = {isa = PBXBuildFile; fileRef = 887359A315CC76940087DD08 /* SWRequestHistoryViewController.m */; };
/* End PBXBuildFile section */

/* Begin PBXFileReference section */
		8873596815CC6C8D0087DD08 /* Milwaukee Parking.app */ = {isa = PBXFileReference; explicitFileType = wrapper.application; includeInIndex = 0; path = "Milwaukee Parking.app"; sourceTree = BUILT_PRODUCTS_DIR; };
		8873596C15CC6C8D0087DD08 /* UIKit.framework */ = {isa = PBXFileReference; lastKnownFileType = wrapper.framework; name = UIKit.framework; path = System/Library/Frameworks/UIKit.framework; sourceTree = SDKROOT; };
		8873596E15CC6C8D0087DD08 /* Foundation.framework */ = {isa = PBXFileReference; lastKnownFileType = wrapper.framework; name = Foundation.framework; path = System/Library/Frameworks/Foundation.framework; sourceTree = SDKROOT; };
		8873597015CC6C8D0087DD08 /* CoreGraphics.framework */ = {isa = PBXFileReference; lastKnownFileType = wrapper.framework; name = CoreGraphics.framework; path = System/Library/Frameworks/CoreGraphics.framework; sourceTree = SDKROOT; };
		8873597415CC6C8D0087DD08 /* Milwaukee Parking-Info.plist */ = {isa = PBXFileReference; lastKnownFileType = text.plist.xml; path = "Milwaukee Parking-Info.plist"; sourceTree = "<group>"; };
		8873597615CC6C8D0087DD08 /* en */ = {isa = PBXFileReference; lastKnownFileType = text.plist.strings; name = en; path = en.lproj/InfoPlist.strings; sourceTree = "<group>"; };
		8873597815CC6C8D0087DD08 /* main.m */ = {isa = PBXFileReference; lastKnownFileType = sourcecode.c.objc; path = main.m; sourceTree = "<group>"; };
		8873597A15CC6C8D0087DD08 /* Milwaukee Parking-Prefix.pch */ = {isa = PBXFileReference; lastKnownFileType = sourcecode.c.h; path = "Milwaukee Parking-Prefix.pch"; sourceTree = "<group>"; };
		8873597B15CC6C8D0087DD08 /* SWAppDelegate.h */ = {isa = PBXFileReference; lastKnownFileType = sourcecode.c.h; path = SWAppDelegate.h; sourceTree = "<group>"; };
		8873597C15CC6C8D0087DD08 /* SWAppDelegate.m */ = {isa = PBXFileReference; lastKnownFileType = sourcecode.c.objc; path = SWAppDelegate.m; sourceTree = "<group>"; };
		8873597F15CC6C8D0087DD08 /* en */ = {isa = PBXFileReference; lastKnownFileType = file.storyboard; name = en; path = en.lproj/MainStoryboard.storyboard; sourceTree = "<group>"; };
		8873598915CC6CB10087DD08 /* SWNewRequestViewController.h */ = {isa = PBXFileReference; fileEncoding = 4; lastKnownFileType = sourcecode.c.h; path = SWNewRequestViewController.h; sourceTree = "<group>"; };
		8873598A15CC6CB10087DD08 /* SWNewRequestViewController.m */ = {isa = PBXFileReference; fileEncoding = 4; lastKnownFileType = sourcecode.c.objc; path = SWNewRequestViewController.m; sourceTree = "<group>"; };
		8873598C15CC6CC30087DD08 /* QuartzCore.framework */ = {isa = PBXFileReference; lastKnownFileType = wrapper.framework; name = QuartzCore.framework; path = System/Library/Frameworks/QuartzCore.framework; sourceTree = SDKROOT; };
		8873598E15CC6CC70087DD08 /* MapKit.framework */ = {isa = PBXFileReference; lastKnownFileType = wrapper.framework; name = MapKit.framework; path = System/Library/Frameworks/MapKit.framework; sourceTree = SDKROOT; };
		8873599315CC6E860087DD08 /* location-arrow@2x.png */ = {isa = PBXFileReference; lastKnownFileType = image.png; path = "location-arrow@2x.png"; sourceTree = "<group>"; };
		8873599415CC6E860087DD08 /* location-arrow.png */ = {isa = PBXFileReference; lastKnownFileType = image.png; path = "location-arrow.png"; sourceTree = "<group>"; };
		8873599515CC6E860087DD08 /* location.png */ = {isa = PBXFileReference; lastKnownFileType = image.png; path = location.png; sourceTree = "<group>"; };
		8873599615CC6E860087DD08 /* location@2x.png */ = {isa = PBXFileReference; lastKnownFileType = image.png; path = "location@2x.png"; sourceTree = "<group>"; };
		8873599715CC6E860087DD08 /* map-marker.png */ = {isa = PBXFileReference; lastKnownFileType = image.png; path = "map-marker.png"; sourceTree = "<group>"; };
		8873599815CC6E860087DD08 /* map-marker@2x.png */ = {isa = PBXFileReference; lastKnownFileType = image.png; path = "map-marker@2x.png"; sourceTree = "<group>"; };
		8873599F15CC765A0087DD08 /* SWChooseCarViewController.h */ = {isa = PBXFileReference; fileEncoding = 4; lastKnownFileType = sourcecode.c.h; path = SWChooseCarViewController.h; sourceTree = "<group>"; };
		887359A015CC765A0087DD08 /* SWChooseCarViewController.m */ = {isa = PBXFileReference; fileEncoding = 4; lastKnownFileType = sourcecode.c.objc; path = SWChooseCarViewController.m; sourceTree = "<group>"; };
		887359A215CC76940087DD08 /* SWRequestHistoryViewController.h */ = {isa = PBXFileReference; fileEncoding = 4; lastKnownFileType = sourcecode.c.h; path = SWRequestHistoryViewController.h; sourceTree = "<group>"; };
		887359A315CC76940087DD08 /* SWRequestHistoryViewController.m */ = {isa = PBXFileReference; fileEncoding = 4; lastKnownFileType = sourcecode.c.objc; path = SWRequestHistoryViewController.m; sourceTree = "<group>"; };
/* End PBXFileReference section */

/* Begin PBXFrameworksBuildPhase section */
		8873596515CC6C8D0087DD08 /* Frameworks */ = {
			isa = PBXFrameworksBuildPhase;
			buildActionMask = 2147483647;
			files = (
				8873599015CC6CCF0087DD08 /* MapKit.framework in Frameworks */,
				8873599115CC6CCF0087DD08 /* QuartzCore.framework in Frameworks */,
				8873596D15CC6C8D0087DD08 /* UIKit.framework in Frameworks */,
				8873596F15CC6C8D0087DD08 /* Foundation.framework in Frameworks */,
				8873597115CC6C8D0087DD08 /* CoreGraphics.framework in Frameworks */,
			);
			runOnlyForDeploymentPostprocessing = 0;
		};
/* End PBXFrameworksBuildPhase section */

/* Begin PBXGroup section */
		8873595D15CC6C8D0087DD08 = {
			isa = PBXGroup;
			children = (
				8873597215CC6C8D0087DD08 /* Milwaukee Parking */,
				8873596B15CC6C8D0087DD08 /* Frameworks */,
				8873596915CC6C8D0087DD08 /* Products */,
			);
			sourceTree = "<group>";
		};
		8873596915CC6C8D0087DD08 /* Products */ = {
			isa = PBXGroup;
			children = (
				8873596815CC6C8D0087DD08 /* Milwaukee Parking.app */,
			);
			name = Products;
			sourceTree = "<group>";
		};
		8873596B15CC6C8D0087DD08 /* Frameworks */ = {
			isa = PBXGroup;
			children = (
				8873598E15CC6CC70087DD08 /* MapKit.framework */,
				8873598C15CC6CC30087DD08 /* QuartzCore.framework */,
				8873596C15CC6C8D0087DD08 /* UIKit.framework */,
				8873596E15CC6C8D0087DD08 /* Foundation.framework */,
				8873597015CC6C8D0087DD08 /* CoreGraphics.framework */,
			);
			name = Frameworks;
			sourceTree = "<group>";
		};
		8873597215CC6C8D0087DD08 /* Milwaukee Parking */ = {
			isa = PBXGroup;
			children = (
				8873597B15CC6C8D0087DD08 /* SWAppDelegate.h */,
				8873597C15CC6C8D0087DD08 /* SWAppDelegate.m */,
				8873597E15CC6C8D0087DD08 /* MainStoryboard.storyboard */,
				8873598915CC6CB10087DD08 /* SWNewRequestViewController.h */,
				8873598A15CC6CB10087DD08 /* SWNewRequestViewController.m */,
				8873599F15CC765A0087DD08 /* SWChooseCarViewController.h */,
				887359A015CC765A0087DD08 /* SWChooseCarViewController.m */,
				887359A215CC76940087DD08 /* SWRequestHistoryViewController.h */,
				887359A315CC76940087DD08 /* SWRequestHistoryViewController.m */,
				8873599215CC6E7D0087DD08 /* Images */,
				8873597315CC6C8D0087DD08 /* Supporting Files */,
			);
			path = "Milwaukee Parking";
			sourceTree = "<group>";
		};
		8873597315CC6C8D0087DD08 /* Supporting Files */ = {
			isa = PBXGroup;
			children = (
				8873597415CC6C8D0087DD08 /* Milwaukee Parking-Info.plist */,
				8873597515CC6C8D0087DD08 /* InfoPlist.strings */,
				8873597815CC6C8D0087DD08 /* main.m */,
				8873597A15CC6C8D0087DD08 /* Milwaukee Parking-Prefix.pch */,
			);
			name = "Supporting Files";
			sourceTree = "<group>";
		};
		8873599215CC6E7D0087DD08 /* Images */ = {
			isa = PBXGroup;
			children = (
				8873599315CC6E860087DD08 /* location-arrow@2x.png */,
				8873599415CC6E860087DD08 /* location-arrow.png */,
				8873599515CC6E860087DD08 /* location.png */,
				8873599615CC6E860087DD08 /* location@2x.png */,
				8873599715CC6E860087DD08 /* map-marker.png */,
				8873599815CC6E860087DD08 /* map-marker@2x.png */,
			);
			name = Images;
			sourceTree = "<group>";
		};
/* End PBXGroup section */

/* Begin PBXNativeTarget section */
		8873596715CC6C8D0087DD08 /* Milwaukee Parking */ = {
			isa = PBXNativeTarget;
			buildConfigurationList = 8873598615CC6C8D0087DD08 /* Build configuration list for PBXNativeTarget "Milwaukee Parking" */;
			buildPhases = (
				8873596415CC6C8D0087DD08 /* Sources */,
				8873596515CC6C8D0087DD08 /* Frameworks */,
				8873596615CC6C8D0087DD08 /* Resources */,
			);
			buildRules = (
			);
			dependencies = (
			);
			name = "Milwaukee Parking";
			productName = "Milwaukee Parking";
			productReference = 8873596815CC6C8D0087DD08 /* Milwaukee Parking.app */;
			productType = "com.apple.product-type.application";
		};
/* End PBXNativeTarget section */

/* Begin PBXProject section */
		8873595F15CC6C8D0087DD08 /* Project object */ = {
			isa = PBXProject;
			attributes = {
				CLASSPREFIX = SW;
				LastUpgradeCheck = 0440;
				ORGANIZATIONNAME = "Samuel Warmuth";
			};
			buildConfigurationList = 8873596215CC6C8D0087DD08 /* Build configuration list for PBXProject "Milwaukee Parking" */;
			compatibilityVersion = "Xcode 3.2";
			developmentRegion = English;
			hasScannedForEncodings = 0;
			knownRegions = (
				en,
			);
			mainGroup = 8873595D15CC6C8D0087DD08;
			productRefGroup = 8873596915CC6C8D0087DD08 /* Products */;
			projectDirPath = "";
			projectRoot = "";
			targets = (
				8873596715CC6C8D0087DD08 /* Milwaukee Parking */,
			);
		};
/* End PBXProject section */

/* Begin PBXResourcesBuildPhase section */
		8873596615CC6C8D0087DD08 /* Resources */ = {
			isa = PBXResourcesBuildPhase;
			buildActionMask = 2147483647;
			files = (
				8873597715CC6C8D0087DD08 /* InfoPlist.strings in Resources */,
				8873598015CC6C8D0087DD08 /* MainStoryboard.storyboard in Resources */,
				8873599915CC6E860087DD08 /* location-arrow@2x.png in Resources */,
				8873599A15CC6E860087DD08 /* location-arrow.png in Resources */,
				8873599B15CC6E860087DD08 /* location.png in Resources */,
				8873599C15CC6E860087DD08 /* location@2x.png in Resources */,
				8873599D15CC6E860087DD08 /* map-marker.png in Resources */,
				8873599E15CC6E860087DD08 /* map-marker@2x.png in Resources */,
			);
			runOnlyForDeploymentPostprocessing = 0;
		};
/* End PBXResourcesBuildPhase section */

/* Begin PBXSourcesBuildPhase section */
		8873596415CC6C8D0087DD08 /* Sources */ = {
			isa = PBXSourcesBuildPhase;
			buildActionMask = 2147483647;
			files = (
				8873597915CC6C8D0087DD08 /* main.m in Sources */,
				8873597D15CC6C8D0087DD08 /* SWAppDelegate.m in Sources */,
				8873598B15CC6CB10087DD08 /* SWNewRequestViewController.m in Sources */,
				887359A115CC765A0087DD08 /* SWChooseCarViewController.m in Sources */,
				887359A415CC76940087DD08 /* SWRequestHistoryViewController.m in Sources */,
			);
			runOnlyForDeploymentPostprocessing = 0;
		};
/* End PBXSourcesBuildPhase section */

/* Begin PBXVariantGroup section */
		8873597515CC6C8D0087DD08 /* InfoPlist.strings */ = {
			isa = PBXVariantGroup;
			children = (
				8873597615CC6C8D0087DD08 /* en */,
			);
			name = InfoPlist.strings;
			sourceTree = "<group>";
		};
		8873597E15CC6C8D0087DD08 /* MainStoryboard.storyboard */ = {
			isa = PBXVariantGroup;
			children = (
				8873597F15CC6C8D0087DD08 /* en */,
			);
			name = MainStoryboard.storyboard;
			sourceTree = "<group>";
		};
/* End PBXVariantGroup section */

/* Begin XCBuildConfiguration section */
		8873598415CC6C8D0087DD08 /* Debug */ = {
			isa = XCBuildConfiguration;
			buildSettings = {
				ALWAYS_SEARCH_USER_PATHS = NO;
				ARCHS = "$(ARCHS_STANDARD_32_BIT)";
				CLANG_CXX_LANGUAGE_STANDARD = "gnu++0x";
				CLANG_ENABLE_OBJC_ARC = YES;
				CLANG_WARN__DUPLICATE_METHOD_MATCH = YES;
				"CODE_SIGN_IDENTITY[sdk=iphoneos*]" = "iPhone Developer";
				COPY_PHASE_STRIP = NO;
				GCC_C_LANGUAGE_STANDARD = gnu99;
				GCC_DYNAMIC_NO_PIC = NO;
				GCC_OPTIMIZATION_LEVEL = 0;
				GCC_PREPROCESSOR_DEFINITIONS = (
					"DEBUG=1",
					"$(inherited)",
				);
				GCC_SYMBOLS_PRIVATE_EXTERN = NO;
				GCC_VERSION = com.apple.compilers.llvm.clang.1_0;
				GCC_WARN_ABOUT_RETURN_TYPE = YES;
				GCC_WARN_UNINITIALIZED_AUTOS = YES;
				GCC_WARN_UNUSED_VARIABLE = YES;
				IPHONEOS_DEPLOYMENT_TARGET = 5.1;
				SDKROOT = iphoneos;
			};
			name = Debug;
		};
		8873598515CC6C8D0087DD08 /* Release */ = {
			isa = XCBuildConfiguration;
			buildSettings = {
				ALWAYS_SEARCH_USER_PATHS = NO;
				ARCHS = "$(ARCHS_STANDARD_32_BIT)";
				CLANG_CXX_LANGUAGE_STANDARD = "gnu++0x";
				CLANG_ENABLE_OBJC_ARC = YES;
				CLANG_WARN__DUPLICATE_METHOD_MATCH = YES;
				"CODE_SIGN_IDENTITY[sdk=iphoneos*]" = "iPhone Developer";
				COPY_PHASE_STRIP = YES;
				GCC_C_LANGUAGE_STANDARD = gnu99;
				GCC_VERSION = com.apple.compilers.llvm.clang.1_0;
				GCC_WARN_ABOUT_RETURN_TYPE = YES;
				GCC_WARN_UNINITIALIZED_AUTOS = YES;
				GCC_WARN_UNUSED_VARIABLE = YES;
				IPHONEOS_DEPLOYMENT_TARGET = 5.1;
				OTHER_CFLAGS = "-DNS_BLOCK_ASSERTIONS=1";
				SDKROOT = iphoneos;
				VALIDATE_PRODUCT = YES;
			};
			name = Release;
		};
		8873598715CC6C8D0087DD08 /* Debug */ = {
			isa = XCBuildConfiguration;
			buildSettings = {
				GCC_PRECOMPILE_PREFIX_HEADER = YES;
				GCC_PREFIX_HEADER = "Milwaukee Parking/Milwaukee Parking-Prefix.pch";
				INFOPLIST_FILE = "Milwaukee Parking/Milwaukee Parking-Info.plist";
				PRODUCT_NAME = "$(TARGET_NAME)";
				WRAPPER_EXTENSION = app;
			};
			name = Debug;
		};
		8873598815CC6C8D0087DD08 /* Release */ = {
			isa = XCBuildConfiguration;
			buildSettings = {
				GCC_PRECOMPILE_PREFIX_HEADER = YES;
				GCC_PREFIX_HEADER = "Milwaukee Parking/Milwaukee Parking-Prefix.pch";
				INFOPLIST_FILE = "Milwaukee Parking/Milwaukee Parking-Info.plist";
				PRODUCT_NAME = "$(TARGET_NAME)";
				WRAPPER_EXTENSION = app;
			};
			name = Release;
		};
/* End XCBuildConfiguration section */

/* Begin XCConfigurationList section */
		8873596215CC6C8D0087DD08 /* Build configuration list for PBXProject "Milwaukee Parking" */ = {
			isa = XCConfigurationList;
			buildConfigurations = (
				8873598415CC6C8D0087DD08 /* Debug */,
				8873598515CC6C8D0087DD08 /* Release */,
			);
			defaultConfigurationIsVisible = 0;
			defaultConfigurationName = Release;
		};
		8873598615CC6C8D0087DD08 /* Build configuration list for PBXNativeTarget "Milwaukee Parking" */ = {
			isa = XCConfigurationList;
			buildConfigurations = (
				8873598715CC6C8D0087DD08 /* Debug */,
				8873598815CC6C8D0087DD08 /* Release */,
			);
			defaultConfigurationIsVisible = 0;
		};
/* End XCConfigurationList section */
	};
	rootObject = 8873595F15CC6C8D0087DD08 /* Project object */;
}
