// !$*UTF8*$!
{
	archiveVersion = 1;
	classes = {
	};
	objectVersion = 46;
	objects = {

/* Begin PBXBuildFile section */
		8825EA2115CCC5AD00CECB4D /* SVProgressHUD.bundle in Resources */ = {isa = PBXBuildFile; fileRef = 8825EA1E15CCC5AD00CECB4D /* SVProgressHUD.bundle */; };
		8825EA2215CCC5AD00CECB4D /* SVProgressHUD.m in Sources */ = {isa = PBXBuildFile; fileRef = 8825EA2015CCC5AD00CECB4D /* SVProgressHUD.m */; settings = {COMPILER_FLAGS = "-fno-objc-arc"; }; };
		8825EA2615CCC6AE00CECB4D /* SWCar.m in Sources */ = {isa = PBXBuildFile; fileRef = 8825EA2515CCC6AE00CECB4D /* SWCar.m */; };
		8825EA2D15CCD96E00CECB4D /* CoreLocation.framework in Frameworks */ = {isa = PBXBuildFile; fileRef = 8825EA2B15CCD96500CECB4D /* CoreLocation.framework */; };
		8873596D15CC6C8D0087DD08 /* UIKit.framework in Frameworks */ = {isa = PBXBuildFile; fileRef = 8873596C15CC6C8D0087DD08 /* UIKit.framework */; };
		8873596F15CC6C8D0087DD08 /* Foundation.framework in Frameworks */ = {isa = PBXBuildFile; fileRef = 8873596E15CC6C8D0087DD08 /* Foundation.framework */; };
		8873597115CC6C8D0087DD08 /* CoreGraphics.framework in Frameworks */ = {isa = PBXBuildFile; fileRef = 8873597015CC6C8D0087DD08 /* CoreGraphics.framework */; };
		8873597715CC6C8D0087DD08 /* InfoPlist.strings in Resources */ = {isa = PBXBuildFile; fileRef = 8873597515CC6C8D0087DD08 /* InfoPlist.strings */; };
		8873597915CC6C8D0087DD08 /* main.m in Sources */ = {isa = PBXBuildFile; fileRef = 8873597815CC6C8D0087DD08 /* main.m */; };
		8873597D15CC6C8D0087DD08 /* SWAppDelegate.m in Sources */ = {isa = PBXBuildFile; fileRef = 8873597C15CC6C8D0087DD08 /* SWAppDelegate.m */; };
		8873598015CC6C8D0087DD08 /* MainStoryboard.storyboard in Resources */ = {isa = PBXBuildFile; fileRef = 8873597E15CC6C8D0087DD08 /* MainStoryboard.storyboard */; };
		8873598B15CC6CB10087DD08 /* SWNewRequestViewController.m in Sources */ = {isa = PBXBuildFile; fileRef = 8873598A15CC6CB10087DD08 /* SWNewRequestViewController.m */; };
		8873599015CC6CCF0087DD08 /* MapKit.framework in Frameworks */ = {isa = PBXBuildFile; fileRef = 8873598E15CC6CC70087DD08 /* MapKit.framework */; };
		8873599115CC6CCF0087DD08 /* QuartzCore.framework in Frameworks */ = {isa = PBXBuildFile; fileRef = 8873598C15CC6CC30087DD08 /* QuartzCore.framework */; };
		8873599915CC6E860087DD08 /* location-arrow@2x.png in Resources */ = {isa = PBXBuildFile; fileRef = 8873599315CC6E860087DD08 /* location-arrow@2x.png */; };
		8873599A15CC6E860087DD08 /* location-arrow.png in Resources */ = {isa = PBXBuildFile; fileRef = 8873599415CC6E860087DD08 /* location-arrow.png */; };
		8873599B15CC6E860087DD08 /* location.png in Resources */ = {isa = PBXBuildFile; fileRef = 8873599515CC6E860087DD08 /* location.png */; };
		8873599C15CC6E860087DD08 /* location@2x.png in Resources */ = {isa = PBXBuildFile; fileRef = 8873599615CC6E860087DD08 /* location@2x.png */; };
		8873599D15CC6E860087DD08 /* map-marker.png in Resources */ = {isa = PBXBuildFile; fileRef = 8873599715CC6E860087DD08 /* map-marker.png */; };
		8873599E15CC6E860087DD08 /* map-marker@2x.png in Resources */ = {isa = PBXBuildFile; fileRef = 8873599815CC6E860087DD08 /* map-marker@2x.png */; };
		887359A115CC765A0087DD08 /* SWChooseCarViewController.m in Sources */ = {isa = PBXBuildFile; fileRef = 887359A015CC765A0087DD08 /* SWChooseCarViewController.m */; };
		887359A415CC76940087DD08 /* SWRequestHistoryViewController.m in Sources */ = {isa = PBXBuildFile; fileRef = 887359A315CC76940087DD08 /* SWRequestHistoryViewController.m */; };
		887359AB15CC7D940087DD08 /* SWNewCarViewController.m in Sources */ = {isa = PBXBuildFile; fileRef = 887359AA15CC7D930087DD08 /* SWNewCarViewController.m */; };
		887359AE15CC7F0C0087DD08 /* SWRequestCompletedViewController.m in Sources */ = {isa = PBXBuildFile; fileRef = 887359AD15CC7F0C0087DD08 /* SWRequestCompletedViewController.m */; };
		88EB1E5C15D1919E00C84263 /* SWRequest.m in Sources */ = {isa = PBXBuildFile; fileRef = 88EB1E5B15D1919E00C84263 /* SWRequest.m */; };
		88EB1E6215D196CC00C84263 /* SWAddressMatcher.m in Sources */ = {isa = PBXBuildFile; fileRef = 88EB1E6115D196CC00C84263 /* SWAddressMatcher.m */; };
		88EB1E6C15D196FA00C84263 /* HTMLNode.m in Sources */ = {isa = PBXBuildFile; fileRef = 88EB1E6915D196FA00C84263 /* HTMLNode.m */; settings = {COMPILER_FLAGS = "-fno-objc-arc"; }; };
		88EB1E6D15D196FA00C84263 /* HTMLParser.m in Sources */ = {isa = PBXBuildFile; fileRef = 88EB1E6B15D196FA00C84263 /* HTMLParser.m */; settings = {COMPILER_FLAGS = "-fno-objc-arc"; }; };
		88EB1E7415D19BC800C84263 /* libxml2.2.dylib in Frameworks */ = {isa = PBXBuildFile; fileRef = 88EB1E7215D19BC300C84263 /* libxml2.2.dylib */; };
		88EB1E8B15D19CB400C84263 /* AFHTTPClient.m in Sources */ = {isa = PBXBuildFile; fileRef = 88EB1E7715D19CB400C84263 /* AFHTTPClient.m */; settings = {COMPILER_FLAGS = "-fno-objc-arc"; }; };
		88EB1E8C15D19CB400C84263 /* AFHTTPRequestOperation.m in Sources */ = {isa = PBXBuildFile; fileRef = 88EB1E7915D19CB400C84263 /* AFHTTPRequestOperation.m */; settings = {COMPILER_FLAGS = "-fno-objc-arc"; }; };
		88EB1E8D15D19CB400C84263 /* AFImageRequestOperation.m in Sources */ = {isa = PBXBuildFile; fileRef = 88EB1E7B15D19CB400C84263 /* AFImageRequestOperation.m */; settings = {COMPILER_FLAGS = "-fno-objc-arc"; }; };
		88EB1E8E15D19CB400C84263 /* AFJSONRequestOperation.m in Sources */ = {isa = PBXBuildFile; fileRef = 88EB1E7D15D19CB400C84263 /* AFJSONRequestOperation.m */; settings = {COMPILER_FLAGS = "-fno-objc-arc"; }; };
		88EB1E8F15D19CB400C84263 /* AFJSONUtilities.m in Sources */ = {isa = PBXBuildFile; fileRef = 88EB1E7F15D19CB400C84263 /* AFJSONUtilities.m */; settings = {COMPILER_FLAGS = "-fno-objc-arc"; }; };
		88EB1E9015D19CB400C84263 /* AFNetworkActivityIndicatorManager.m in Sources */ = {isa = PBXBuildFile; fileRef = 88EB1E8115D19CB400C84263 /* AFNetworkActivityIndicatorManager.m */; settings = {COMPILER_FLAGS = "-fno-objc-arc"; }; };
		88EB1E9115D19CB400C84263 /* AFPropertyListRequestOperation.m in Sources */ = {isa = PBXBuildFile; fileRef = 88EB1E8415D19CB400C84263 /* AFPropertyListRequestOperation.m */; settings = {COMPILER_FLAGS = "-fno-objc-arc"; }; };
		88EB1E9215D19CB400C84263 /* AFURLConnectionOperation.m in Sources */ = {isa = PBXBuildFile; fileRef = 88EB1E8615D19CB400C84263 /* AFURLConnectionOperation.m */; settings = {COMPILER_FLAGS = "-fno-objc-arc"; }; };
		88EB1E9315D19CB400C84263 /* AFXMLRequestOperation.m in Sources */ = {isa = PBXBuildFile; fileRef = 88EB1E8815D19CB400C84263 /* AFXMLRequestOperation.m */; settings = {COMPILER_FLAGS = "-fno-objc-arc"; }; };
		88EB1E9415D19CB400C84263 /* UIImageView+AFNetworking.m in Sources */ = {isa = PBXBuildFile; fileRef = 88EB1E8A15D19CB400C84263 /* UIImageView+AFNetworking.m */; settings = {COMPILER_FLAGS = "-fno-objc-arc"; }; };
		88EB1EA015D1A60700C84263 /* NSString+Levenshtein.m in Sources */ = {isa = PBXBuildFile; fileRef = 88EB1E9E15D1A44900C84263 /* NSString+Levenshtein.m */; };
		88EB1EA315D1C0FE00C84263 /* greenPin.png in Resources */ = {isa = PBXBuildFile; fileRef = 88EB1EA115D1C0FE00C84263 /* greenPin.png */; };
		88EB1EA415D1C0FE00C84263 /* greenPin@2x.png in Resources */ = {isa = PBXBuildFile; fileRef = 88EB1EA215D1C0FE00C84263 /* greenPin@2x.png */; };
		88EB1EA715D1C21B00C84263 /* ngreenPin.png in Resources */ = {isa = PBXBuildFile; fileRef = 88EB1EA515D1C21B00C84263 /* ngreenPin.png */; };
		88EB1EA815D1C21B00C84263 /* ngreenPin@2x.png in Resources */ = {isa = PBXBuildFile; fileRef = 88EB1EA615D1C21B00C84263 /* ngreenPin@2x.png */; };
		88EB1EAC15D1C3E200C84263 /* redPin.png in Resources */ = {isa = PBXBuildFile; fileRef = 88EB1EA915D1C3E200C84263 /* redPin.png */; };
		88EB1EAD15D1C3E200C84263 /* redPin@2x.png in Resources */ = {isa = PBXBuildFile; fileRef = 88EB1EAA15D1C3E200C84263 /* redPin@2x.png */; };
		88EB1EAE15D1C3E200C84263 /* redPinOrig.png in Resources */ = {isa = PBXBuildFile; fileRef = 88EB1EAB15D1C3E200C84263 /* redPinOrig.png */; };
		88EB1EB015D1CC3F00C84263 /* icon@2x.png in Resources */ = {isa = PBXBuildFile; fileRef = 88EB1EAF15D1CC3E00C84263 /* icon@2x.png */; };
		88EB1EB215D1CC4100C84263 /* icon.png in Resources */ = {isa = PBXBuildFile; fileRef = 88EB1EB115D1CC4100C84263 /* icon.png */; };
/* End PBXBuildFile section */

/* Begin PBXFileReference section */
		8825EA1E15CCC5AD00CECB4D /* SVProgressHUD.bundle */ = {isa = PBXFileReference; lastKnownFileType = "wrapper.plug-in"; path = SVProgressHUD.bundle; sourceTree = "<group>"; };
		8825EA1F15CCC5AD00CECB4D /* SVProgressHUD.h */ = {isa = PBXFileReference; fileEncoding = 4; lastKnownFileType = sourcecode.c.h; path = SVProgressHUD.h; sourceTree = "<group>"; };
		8825EA2015CCC5AD00CECB4D /* SVProgressHUD.m */ = {isa = PBXFileReference; fileEncoding = 4; lastKnownFileType = sourcecode.c.objc; path = SVProgressHUD.m; sourceTree = "<group>"; };
		8825EA2415CCC6AE00CECB4D /* SWCar.h */ = {isa = PBXFileReference; fileEncoding = 4; lastKnownFileType = sourcecode.c.h; path = SWCar.h; sourceTree = "<group>"; };
		8825EA2515CCC6AE00CECB4D /* SWCar.m */ = {isa = PBXFileReference; fileEncoding = 4; lastKnownFileType = sourcecode.c.objc; path = SWCar.m; sourceTree = "<group>"; };
		8825EA2B15CCD96500CECB4D /* CoreLocation.framework */ = {isa = PBXFileReference; lastKnownFileType = wrapper.framework; name = CoreLocation.framework; path = System/Library/Frameworks/CoreLocation.framework; sourceTree = SDKROOT; };
		8873596815CC6C8D0087DD08 /* Milwaukee Parking.app */ = {isa = PBXFileReference; explicitFileType = wrapper.application; includeInIndex = 0; path = "Milwaukee Parking.app"; sourceTree = BUILT_PRODUCTS_DIR; };
		8873596C15CC6C8D0087DD08 /* UIKit.framework */ = {isa = PBXFileReference; lastKnownFileType = wrapper.framework; name = UIKit.framework; path = System/Library/Frameworks/UIKit.framework; sourceTree = SDKROOT; };
		8873596E15CC6C8D0087DD08 /* Foundation.framework */ = {isa = PBXFileReference; lastKnownFileType = wrapper.framework; name = Foundation.framework; path = System/Library/Frameworks/Foundation.framework; sourceTree = SDKROOT; };
		8873597015CC6C8D0087DD08 /* CoreGraphics.framework */ = {isa = PBXFileReference; lastKnownFileType = wrapper.framework; name = CoreGraphics.framework; path = System/Library/Frameworks/CoreGraphics.framework; sourceTree = SDKROOT; };
		8873597415CC6C8D0087DD08 /* Milwaukee Parking-Info.plist */ = {isa = PBXFileReference; lastKnownFileType = text.plist.xml; path = "Milwaukee Parking-Info.plist"; sourceTree = "<group>"; };
		8873597615CC6C8D0087DD08 /* en */ = {isa = PBXFileReference; lastKnownFileType = text.plist.strings; name = en; path = en.lproj/InfoPlist.strings; sourceTree = "<group>"; };
		8873597815CC6C8D0087DD08 /* main.m */ = {isa = PBXFileReference; lastKnownFileType = sourcecode.c.objc; path = main.m; sourceTree = "<group>"; };
		8873597A15CC6C8D0087DD08 /* Milwaukee Parking-Prefix.pch */ = {isa = PBXFileReference; lastKnownFileType = sourcecode.c.h; path = "Milwaukee Parking-Prefix.pch"; sourceTree = "<group>"; };
		8873597B15CC6C8D0087DD08 /* SWAppDelegate.h */ = {isa = PBXFileReference; lastKnownFileType = sourcecode.c.h; path = SWAppDelegate.h; sourceTree = "<group>"; };
		8873597C15CC6C8D0087DD08 /* SWAppDelegate.m */ = {isa = PBXFileReference; lastKnownFileType = sourcecode.c.objc; path = SWAppDelegate.m; sourceTree = "<group>"; };
		8873597F15CC6C8D0087DD08 /* en */ = {isa = PBXFileReference; lastKnownFileType = file.storyboard; name = en; path = en.lproj/MainStoryboard.storyboard; sourceTree = "<group>"; };
		8873598915CC6CB10087DD08 /* SWNewRequestViewController.h */ = {isa = PBXFileReference; fileEncoding = 4; lastKnownFileType = sourcecode.c.h; path = SWNewRequestViewController.h; sourceTree = "<group>"; };
		8873598A15CC6CB10087DD08 /* SWNewRequestViewController.m */ = {isa = PBXFileReference; fileEncoding = 4; lastKnownFileType = sourcecode.c.objc; path = SWNewRequestViewController.m; sourceTree = "<group>"; };
		8873598C15CC6CC30087DD08 /* QuartzCore.framework */ = {isa = PBXFileReference; lastKnownFileType = wrapper.framework; name = QuartzCore.framework; path = System/Library/Frameworks/QuartzCore.framework; sourceTree = SDKROOT; };
		8873598E15CC6CC70087DD08 /* MapKit.framework */ = {isa = PBXFileReference; lastKnownFileType = wrapper.framework; name = MapKit.framework; path = System/Library/Frameworks/MapKit.framework; sourceTree = SDKROOT; };
		8873599315CC6E860087DD08 /* location-arrow@2x.png */ = {isa = PBXFileReference; lastKnownFileType = image.png; path = "location-arrow@2x.png"; sourceTree = "<group>"; };
		8873599415CC6E860087DD08 /* location-arrow.png */ = {isa = PBXFileReference; lastKnownFileType = image.png; path = "location-arrow.png"; sourceTree = "<group>"; };
		8873599515CC6E860087DD08 /* location.png */ = {isa = PBXFileReference; lastKnownFileType = image.png; path = location.png; sourceTree = "<group>"; };
		8873599615CC6E860087DD08 /* location@2x.png */ = {isa = PBXFileReference; lastKnownFileType = image.png; path = "location@2x.png"; sourceTree = "<group>"; };
		8873599715CC6E860087DD08 /* map-marker.png */ = {isa = PBXFileReference; lastKnownFileType = image.png; path = "map-marker.png"; sourceTree = "<group>"; };
		8873599815CC6E860087DD08 /* map-marker@2x.png */ = {isa = PBXFileReference; lastKnownFileType = image.png; path = "map-marker@2x.png"; sourceTree = "<group>"; };
		8873599F15CC765A0087DD08 /* SWChooseCarViewController.h */ = {isa = PBXFileReference; fileEncoding = 4; lastKnownFileType = sourcecode.c.h; path = SWChooseCarViewController.h; sourceTree = "<group>"; };
		887359A015CC765A0087DD08 /* SWChooseCarViewController.m */ = {isa = PBXFileReference; fileEncoding = 4; lastKnownFileType = sourcecode.c.objc; path = SWChooseCarViewController.m; sourceTree = "<group>"; };
		887359A215CC76940087DD08 /* SWRequestHistoryViewController.h */ = {isa = PBXFileReference; fileEncoding = 4; lastKnownFileType = sourcecode.c.h; path = SWRequestHistoryViewController.h; sourceTree = "<group>"; };
		887359A315CC76940087DD08 /* SWRequestHistoryViewController.m */ = {isa = PBXFileReference; fileEncoding = 4; lastKnownFileType = sourcecode.c.objc; path = SWRequestHistoryViewController.m; sourceTree = "<group>"; };
		887359A915CC7D930087DD08 /* SWNewCarViewController.h */ = {isa = PBXFileReference; fileEncoding = 4; lastKnownFileType = sourcecode.c.h; path = SWNewCarViewController.h; sourceTree = "<group>"; };
		887359AA15CC7D930087DD08 /* SWNewCarViewController.m */ = {isa = PBXFileReference; fileEncoding = 4; lastKnownFileType = sourcecode.c.objc; path = SWNewCarViewController.m; sourceTree = "<group>"; };
		887359AC15CC7F0C0087DD08 /* SWRequestCompletedViewController.h */ = {isa = PBXFileReference; fileEncoding = 4; lastKnownFileType = sourcecode.c.h; path = SWRequestCompletedViewController.h; sourceTree = "<group>"; };
		887359AD15CC7F0C0087DD08 /* SWRequestCompletedViewController.m */ = {isa = PBXFileReference; fileEncoding = 4; lastKnownFileType = sourcecode.c.objc; path = SWRequestCompletedViewController.m; sourceTree = "<group>"; };
		88EB1E5A15D1919E00C84263 /* SWRequest.h */ = {isa = PBXFileReference; fileEncoding = 4; lastKnownFileType = sourcecode.c.h; path = SWRequest.h; sourceTree = "<group>"; };
		88EB1E5B15D1919E00C84263 /* SWRequest.m */ = {isa = PBXFileReference; fileEncoding = 4; lastKnownFileType = sourcecode.c.objc; path = SWRequest.m; sourceTree = "<group>"; };
		88EB1E6015D196CC00C84263 /* SWAddressMatcher.h */ = {isa = PBXFileReference; fileEncoding = 4; lastKnownFileType = sourcecode.c.h; lineEnding = 0; path = SWAddressMatcher.h; sourceTree = "<group>"; xcLanguageSpecificationIdentifier = xcode.lang.objcpp; };
		88EB1E6115D196CC00C84263 /* SWAddressMatcher.m */ = {isa = PBXFileReference; fileEncoding = 4; lastKnownFileType = sourcecode.c.objc; lineEnding = 0; path = SWAddressMatcher.m; sourceTree = "<group>"; xcLanguageSpecificationIdentifier = xcode.lang.objc; };
		88EB1E6815D196FA00C84263 /* HTMLNode.h */ = {isa = PBXFileReference; fileEncoding = 4; lastKnownFileType = sourcecode.c.h; path = HTMLNode.h; sourceTree = "<group>"; };
		88EB1E6915D196FA00C84263 /* HTMLNode.m */ = {isa = PBXFileReference; fileEncoding = 4; lastKnownFileType = sourcecode.c.objc; path = HTMLNode.m; sourceTree = "<group>"; };
		88EB1E6A15D196FA00C84263 /* HTMLParser.h */ = {isa = PBXFileReference; fileEncoding = 4; lastKnownFileType = sourcecode.c.h; path = HTMLParser.h; sourceTree = "<group>"; };
		88EB1E6B15D196FA00C84263 /* HTMLParser.m */ = {isa = PBXFileReference; fileEncoding = 4; lastKnownFileType = sourcecode.c.objc; path = HTMLParser.m; sourceTree = "<group>"; };
		88EB1E7215D19BC300C84263 /* libxml2.2.dylib */ = {isa = PBXFileReference; lastKnownFileType = "compiled.mach-o.dylib"; name = libxml2.2.dylib; path = usr/lib/libxml2.2.dylib; sourceTree = SDKROOT; };
		88EB1E7615D19CB400C84263 /* AFHTTPClient.h */ = {isa = PBXFileReference; fileEncoding = 4; lastKnownFileType = sourcecode.c.h; path = AFHTTPClient.h; sourceTree = "<group>"; };
		88EB1E7715D19CB400C84263 /* AFHTTPClient.m */ = {isa = PBXFileReference; fileEncoding = 4; lastKnownFileType = sourcecode.c.objc; path = AFHTTPClient.m; sourceTree = "<group>"; };
		88EB1E7815D19CB400C84263 /* AFHTTPRequestOperation.h */ = {isa = PBXFileReference; fileEncoding = 4; lastKnownFileType = sourcecode.c.h; path = AFHTTPRequestOperation.h; sourceTree = "<group>"; };
		88EB1E7915D19CB400C84263 /* AFHTTPRequestOperation.m */ = {isa = PBXFileReference; fileEncoding = 4; lastKnownFileType = sourcecode.c.objc; path = AFHTTPRequestOperation.m; sourceTree = "<group>"; };
		88EB1E7A15D19CB400C84263 /* AFImageRequestOperation.h */ = {isa = PBXFileReference; fileEncoding = 4; lastKnownFileType = sourcecode.c.h; path = AFImageRequestOperation.h; sourceTree = "<group>"; };
		88EB1E7B15D19CB400C84263 /* AFImageRequestOperation.m */ = {isa = PBXFileReference; fileEncoding = 4; lastKnownFileType = sourcecode.c.objc; path = AFImageRequestOperation.m; sourceTree = "<group>"; };
		88EB1E7C15D19CB400C84263 /* AFJSONRequestOperation.h */ = {isa = PBXFileReference; fileEncoding = 4; lastKnownFileType = sourcecode.c.h; path = AFJSONRequestOperation.h; sourceTree = "<group>"; };
		88EB1E7D15D19CB400C84263 /* AFJSONRequestOperation.m */ = {isa = PBXFileReference; fileEncoding = 4; lastKnownFileType = sourcecode.c.objc; path = AFJSONRequestOperation.m; sourceTree = "<group>"; };
		88EB1E7E15D19CB400C84263 /* AFJSONUtilities.h */ = {isa = PBXFileReference; fileEncoding = 4; lastKnownFileType = sourcecode.c.h; path = AFJSONUtilities.h; sourceTree = "<group>"; };
		88EB1E7F15D19CB400C84263 /* AFJSONUtilities.m */ = {isa = PBXFileReference; fileEncoding = 4; lastKnownFileType = sourcecode.c.objc; path = AFJSONUtilities.m; sourceTree = "<group>"; };
		88EB1E8015D19CB400C84263 /* AFNetworkActivityIndicatorManager.h */ = {isa = PBXFileReference; fileEncoding = 4; lastKnownFileType = sourcecode.c.h; path = AFNetworkActivityIndicatorManager.h; sourceTree = "<group>"; };
		88EB1E8115D19CB400C84263 /* AFNetworkActivityIndicatorManager.m */ = {isa = PBXFileReference; fileEncoding = 4; lastKnownFileType = sourcecode.c.objc; path = AFNetworkActivityIndicatorManager.m; sourceTree = "<group>"; };
		88EB1E8215D19CB400C84263 /* AFNetworking.h */ = {isa = PBXFileReference; fileEncoding = 4; lastKnownFileType = sourcecode.c.h; path = AFNetworking.h; sourceTree = "<group>"; };
		88EB1E8315D19CB400C84263 /* AFPropertyListRequestOperation.h */ = {isa = PBXFileReference; fileEncoding = 4; lastKnownFileType = sourcecode.c.h; path = AFPropertyListRequestOperation.h; sourceTree = "<group>"; };
		88EB1E8415D19CB400C84263 /* AFPropertyListRequestOperation.m */ = {isa = PBXFileReference; fileEncoding = 4; lastKnownFileType = sourcecode.c.objc; path = AFPropertyListRequestOperation.m; sourceTree = "<group>"; };
		88EB1E8515D19CB400C84263 /* AFURLConnectionOperation.h */ = {isa = PBXFileReference; fileEncoding = 4; lastKnownFileType = sourcecode.c.h; path = AFURLConnectionOperation.h; sourceTree = "<group>"; };
		88EB1E8615D19CB400C84263 /* AFURLConnectionOperation.m */ = {isa = PBXFileReference; fileEncoding = 4; lastKnownFileType = sourcecode.c.objc; path = AFURLConnectionOperation.m; sourceTree = "<group>"; };
		88EB1E8715D19CB400C84263 /* AFXMLRequestOperation.h */ = {isa = PBXFileReference; fileEncoding = 4; lastKnownFileType = sourcecode.c.h; path = AFXMLRequestOperation.h; sourceTree = "<group>"; };
		88EB1E8815D19CB400C84263 /* AFXMLRequestOperation.m */ = {isa = PBXFileReference; fileEncoding = 4; lastKnownFileType = sourcecode.c.objc; path = AFXMLRequestOperation.m; sourceTree = "<group>"; };
		88EB1E8915D19CB400C84263 /* UIImageView+AFNetworking.h */ = {isa = PBXFileReference; fileEncoding = 4; lastKnownFileType = sourcecode.c.h; path = "UIImageView+AFNetworking.h"; sourceTree = "<group>"; };
		88EB1E8A15D19CB400C84263 /* UIImageView+AFNetworking.m */ = {isa = PBXFileReference; fileEncoding = 4; lastKnownFileType = sourcecode.c.objc; path = "UIImageView+AFNetworking.m"; sourceTree = "<group>"; };
		88EB1E9E15D1A44900C84263 /* NSString+Levenshtein.m */ = {isa = PBXFileReference; lastKnownFileType = sourcecode.c.objc; path = "NSString+Levenshtein.m"; sourceTree = "<group>"; };
		88EB1E9F15D1A44900C84263 /* NSString+Levenshtein.h */ = {isa = PBXFileReference; lastKnownFileType = sourcecode.c.h; path = "NSString+Levenshtein.h"; sourceTree = "<group>"; };
		88EB1EA115D1C0FE00C84263 /* greenPin.png */ = {isa = PBXFileReference; lastKnownFileType = image.png; path = greenPin.png; sourceTree = "<group>"; };
		88EB1EA215D1C0FE00C84263 /* greenPin@2x.png */ = {isa = PBXFileReference; lastKnownFileType = image.png; path = "greenPin@2x.png"; sourceTree = "<group>"; };
		88EB1EA515D1C21B00C84263 /* ngreenPin.png */ = {isa = PBXFileReference; lastKnownFileType = image.png; path = ngreenPin.png; sourceTree = "<group>"; };
		88EB1EA615D1C21B00C84263 /* ngreenPin@2x.png */ = {isa = PBXFileReference; lastKnownFileType = image.png; path = "ngreenPin@2x.png"; sourceTree = "<group>"; };
		88EB1EA915D1C3E200C84263 /* redPin.png */ = {isa = PBXFileReference; lastKnownFileType = image.png; path = redPin.png; sourceTree = "<group>"; };
		88EB1EAA15D1C3E200C84263 /* redPin@2x.png */ = {isa = PBXFileReference; lastKnownFileType = image.png; path = "redPin@2x.png"; sourceTree = "<group>"; };
		88EB1EAB15D1C3E200C84263 /* redPinOrig.png */ = {isa = PBXFileReference; lastKnownFileType = image.png; path = redPinOrig.png; sourceTree = "<group>"; };
		88EB1EAF15D1CC3E00C84263 /* icon@2x.png */ = {isa = PBXFileReference; lastKnownFileType = image.png; path = "icon@2x.png"; sourceTree = "<group>"; };
		88EB1EB115D1CC4100C84263 /* icon.png */ = {isa = PBXFileReference; lastKnownFileType = image.png; path = icon.png; sourceTree = "<group>"; };
/* End PBXFileReference section */

/* Begin PBXFrameworksBuildPhase section */
		8873596515CC6C8D0087DD08 /* Frameworks */ = {
			isa = PBXFrameworksBuildPhase;
			buildActionMask = 2147483647;
			files = (
				88EB1E7415D19BC800C84263 /* libxml2.2.dylib in Frameworks */,
				8825EA2D15CCD96E00CECB4D /* CoreLocation.framework in Frameworks */,
				8873599015CC6CCF0087DD08 /* MapKit.framework in Frameworks */,
				8873599115CC6CCF0087DD08 /* QuartzCore.framework in Frameworks */,
				8873596D15CC6C8D0087DD08 /* UIKit.framework in Frameworks */,
				8873596F15CC6C8D0087DD08 /* Foundation.framework in Frameworks */,
				8873597115CC6C8D0087DD08 /* CoreGraphics.framework in Frameworks */,
			);
			runOnlyForDeploymentPostprocessing = 0;
		};
/* End PBXFrameworksBuildPhase section */

/* Begin PBXGroup section */
		8825EA1B15CCC5A600CECB4D /* External */ = {
			isa = PBXGroup;
			children = (
				88EB1E9D15D1A44000C84263 /* NSString+Levenshtein */,
				88EB1E7515D19CB400C84263 /* AFNetworking */,
				88EB1E6715D196FA00C84263 /* HTMLParser */,
				8825EA1D15CCC5AD00CECB4D /* SVProgressHUD */,
			);
			name = External;
			sourceTree = "<group>";
		};
		8825EA1D15CCC5AD00CECB4D /* SVProgressHUD */ = {
			isa = PBXGroup;
			children = (
				8825EA1E15CCC5AD00CECB4D /* SVProgressHUD.bundle */,
				8825EA1F15CCC5AD00CECB4D /* SVProgressHUD.h */,
				8825EA2015CCC5AD00CECB4D /* SVProgressHUD.m */,
			);
			path = SVProgressHUD;
			sourceTree = "<group>";
		};
		8873595D15CC6C8D0087DD08 = {
			isa = PBXGroup;
			children = (
				88EB1EB115D1CC4100C84263 /* icon.png */,
				88EB1EAF15D1CC3E00C84263 /* icon@2x.png */,
				8873597215CC6C8D0087DD08 /* Milwaukee Parking */,
				8873596B15CC6C8D0087DD08 /* Frameworks */,
				8873596915CC6C8D0087DD08 /* Products */,
			);
			sourceTree = "<group>";
		};
		8873596915CC6C8D0087DD08 /* Products */ = {
			isa = PBXGroup;
			children = (
				8873596815CC6C8D0087DD08 /* Milwaukee Parking.app */,
			);
			name = Products;
			sourceTree = "<group>";
		};
		8873596B15CC6C8D0087DD08 /* Frameworks */ = {
			isa = PBXGroup;
			children = (
				88EB1E7215D19BC300C84263 /* libxml2.2.dylib */,
				8825EA2B15CCD96500CECB4D /* CoreLocation.framework */,
				8873598E15CC6CC70087DD08 /* MapKit.framework */,
				8873598C15CC6CC30087DD08 /* QuartzCore.framework */,
				8873596C15CC6C8D0087DD08 /* UIKit.framework */,
				8873596E15CC6C8D0087DD08 /* Foundation.framework */,
				8873597015CC6C8D0087DD08 /* CoreGraphics.framework */,
			);
			name = Frameworks;
			sourceTree = "<group>";
		};
		8873597215CC6C8D0087DD08 /* Milwaukee Parking */ = {
			isa = PBXGroup;
			children = (
				8873597B15CC6C8D0087DD08 /* SWAppDelegate.h */,
				8873597C15CC6C8D0087DD08 /* SWAppDelegate.m */,
				8873597E15CC6C8D0087DD08 /* MainStoryboard.storyboard */,
				8873598915CC6CB10087DD08 /* SWNewRequestViewController.h */,
				8873598A15CC6CB10087DD08 /* SWNewRequestViewController.m */,
				887359A915CC7D930087DD08 /* SWNewCarViewController.h */,
				887359AA15CC7D930087DD08 /* SWNewCarViewController.m */,
				8873599F15CC765A0087DD08 /* SWChooseCarViewController.h */,
				887359A015CC765A0087DD08 /* SWChooseCarViewController.m */,
				887359AC15CC7F0C0087DD08 /* SWRequestCompletedViewController.h */,
				887359AD15CC7F0C0087DD08 /* SWRequestCompletedViewController.m */,
				887359A215CC76940087DD08 /* SWRequestHistoryViewController.h */,
				887359A315CC76940087DD08 /* SWRequestHistoryViewController.m */,
				88EB1E5F15D196B800C84263 /* Libraries */,
				88EB1E5E15D191A100C84263 /* Models */,
				8825EA1B15CCC5A600CECB4D /* External */,
				8873599215CC6E7D0087DD08 /* Images */,
				8873597315CC6C8D0087DD08 /* Supporting Files */,
			);
			path = "Milwaukee Parking";
			sourceTree = "<group>";
		};
		8873597315CC6C8D0087DD08 /* Supporting Files */ = {
			isa = PBXGroup;
			children = (
				8873597415CC6C8D0087DD08 /* Milwaukee Parking-Info.plist */,
				8873597515CC6C8D0087DD08 /* InfoPlist.strings */,
				8873597815CC6C8D0087DD08 /* main.m */,
				8873597A15CC6C8D0087DD08 /* Milwaukee Parking-Prefix.pch */,
			);
			name = "Supporting Files";
			sourceTree = "<group>";
		};
		8873599215CC6E7D0087DD08 /* Images */ = {
			isa = PBXGroup;
			children = (
				88EB1EA915D1C3E200C84263 /* redPin.png */,
				88EB1EAA15D1C3E200C84263 /* redPin@2x.png */,
				88EB1EAB15D1C3E200C84263 /* redPinOrig.png */,
				88EB1EA515D1C21B00C84263 /* ngreenPin.png */,
				88EB1EA615D1C21B00C84263 /* ngreenPin@2x.png */,
				88EB1EA115D1C0FE00C84263 /* greenPin.png */,
				88EB1EA215D1C0FE00C84263 /* greenPin@2x.png */,
				8873599315CC6E860087DD08 /* location-arrow@2x.png */,
				8873599415CC6E860087DD08 /* location-arrow.png */,
				8873599515CC6E860087DD08 /* location.png */,
				8873599615CC6E860087DD08 /* location@2x.png */,
				8873599715CC6E860087DD08 /* map-marker.png */,
				8873599815CC6E860087DD08 /* map-marker@2x.png */,
			);
			name = Images;
			sourceTree = "<group>";
		};
		88EB1E5E15D191A100C84263 /* Models */ = {
			isa = PBXGroup;
			children = (
				8825EA2415CCC6AE00CECB4D /* SWCar.h */,
				8825EA2515CCC6AE00CECB4D /* SWCar.m */,
				88EB1E5A15D1919E00C84263 /* SWRequest.h */,
				88EB1E5B15D1919E00C84263 /* SWRequest.m */,
			);
			name = Models;
			sourceTree = "<group>";
		};
		88EB1E5F15D196B800C84263 /* Libraries */ = {
			isa = PBXGroup;
			children = (
				88EB1E6015D196CC00C84263 /* SWAddressMatcher.h */,
				88EB1E6115D196CC00C84263 /* SWAddressMatcher.m */,
			);
			name = Libraries;
			sourceTree = "<group>";
		};
		88EB1E6715D196FA00C84263 /* HTMLParser */ = {
			isa = PBXGroup;
			children = (
				88EB1E6815D196FA00C84263 /* HTMLNode.h */,
				88EB1E6915D196FA00C84263 /* HTMLNode.m */,
				88EB1E6A15D196FA00C84263 /* HTMLParser.h */,
				88EB1E6B15D196FA00C84263 /* HTMLParser.m */,
			);
			path = HTMLParser;
			sourceTree = "<group>";
		};
		88EB1E7515D19CB400C84263 /* AFNetworking */ = {
			isa = PBXGroup;
			children = (
				88EB1E7615D19CB400C84263 /* AFHTTPClient.h */,
				88EB1E7715D19CB400C84263 /* AFHTTPClient.m */,
				88EB1E7815D19CB400C84263 /* AFHTTPRequestOperation.h */,
				88EB1E7915D19CB400C84263 /* AFHTTPRequestOperation.m */,
				88EB1E7A15D19CB400C84263 /* AFImageRequestOperation.h */,
				88EB1E7B15D19CB400C84263 /* AFImageRequestOperation.m */,
				88EB1E7C15D19CB400C84263 /* AFJSONRequestOperation.h */,
				88EB1E7D15D19CB400C84263 /* AFJSONRequestOperation.m */,
				88EB1E7E15D19CB400C84263 /* AFJSONUtilities.h */,
				88EB1E7F15D19CB400C84263 /* AFJSONUtilities.m */,
				88EB1E8015D19CB400C84263 /* AFNetworkActivityIndicatorManager.h */,
				88EB1E8115D19CB400C84263 /* AFNetworkActivityIndicatorManager.m */,
				88EB1E8215D19CB400C84263 /* AFNetworking.h */,
				88EB1E8315D19CB400C84263 /* AFPropertyListRequestOperation.h */,
				88EB1E8415D19CB400C84263 /* AFPropertyListRequestOperation.m */,
				88EB1E8515D19CB400C84263 /* AFURLConnectionOperation.h */,
				88EB1E8615D19CB400C84263 /* AFURLConnectionOperation.m */,
				88EB1E8715D19CB400C84263 /* AFXMLRequestOperation.h */,
				88EB1E8815D19CB400C84263 /* AFXMLRequestOperation.m */,
				88EB1E8915D19CB400C84263 /* UIImageView+AFNetworking.h */,
				88EB1E8A15D19CB400C84263 /* UIImageView+AFNetworking.m */,
			);
			path = AFNetworking;
			sourceTree = "<group>";
		};
		88EB1E9D15D1A44000C84263 /* NSString+Levenshtein */ = {
			isa = PBXGroup;
			children = (
				88EB1E9F15D1A44900C84263 /* NSString+Levenshtein.h */,
				88EB1E9E15D1A44900C84263 /* NSString+Levenshtein.m */,
			);
			name = "NSString+Levenshtein";
			sourceTree = "<group>";
		};
/* End PBXGroup section */

/* Begin PBXNativeTarget section */
		8873596715CC6C8D0087DD08 /* Milwaukee Parking */ = {
			isa = PBXNativeTarget;
			buildConfigurationList = 8873598615CC6C8D0087DD08 /* Build configuration list for PBXNativeTarget "Milwaukee Parking" */;
			buildPhases = (
				8873596415CC6C8D0087DD08 /* Sources */,
				8873596515CC6C8D0087DD08 /* Frameworks */,
				8873596615CC6C8D0087DD08 /* Resources */,
			);
			buildRules = (
			);
			dependencies = (
			);
			name = "Milwaukee Parking";
			productName = "Milwaukee Parking";
			productReference = 8873596815CC6C8D0087DD08 /* Milwaukee Parking.app */;
			productType = "com.apple.product-type.application";
		};
/* End PBXNativeTarget section */

/* Begin PBXProject section */
		8873595F15CC6C8D0087DD08 /* Project object */ = {
			isa = PBXProject;
			attributes = {
				CLASSPREFIX = SW;
				LastUpgradeCheck = 0440;
				ORGANIZATIONNAME = "Samuel Warmuth";
			};
			buildConfigurationList = 8873596215CC6C8D0087DD08 /* Build configuration list for PBXProject "Milwaukee Parking" */;
			compatibilityVersion = "Xcode 3.2";
			developmentRegion = English;
			hasScannedForEncodings = 0;
			knownRegions = (
				en,
			);
			mainGroup = 8873595D15CC6C8D0087DD08;
			productRefGroup = 8873596915CC6C8D0087DD08 /* Products */;
			projectDirPath = "";
			projectRoot = "";
			targets = (
				8873596715CC6C8D0087DD08 /* Milwaukee Parking */,
			);
		};
/* End PBXProject section */

/* Begin PBXResourcesBuildPhase section */
		8873596615CC6C8D0087DD08 /* Resources */ = {
			isa = PBXResourcesBuildPhase;
			buildActionMask = 2147483647;
			files = (
				8873597715CC6C8D0087DD08 /* InfoPlist.strings in Resources */,
				8873598015CC6C8D0087DD08 /* MainStoryboard.storyboard in Resources */,
				8873599915CC6E860087DD08 /* location-arrow@2x.png in Resources */,
				8873599A15CC6E860087DD08 /* location-arrow.png in Resources */,
				8873599B15CC6E860087DD08 /* location.png in Resources */,
				8873599C15CC6E860087DD08 /* location@2x.png in Resources */,
				8873599D15CC6E860087DD08 /* map-marker.png in Resources */,
				8873599E15CC6E860087DD08 /* map-marker@2x.png in Resources */,
				8825EA2115CCC5AD00CECB4D /* SVProgressHUD.bundle in Resources */,
				88EB1EA315D1C0FE00C84263 /* greenPin.png in Resources */,
				88EB1EA415D1C0FE00C84263 /* greenPin@2x.png in Resources */,
				88EB1EA715D1C21B00C84263 /* ngreenPin.png in Resources */,
				88EB1EA815D1C21B00C84263 /* ngreenPin@2x.png in Resources */,
				88EB1EAC15D1C3E200C84263 /* redPin.png in Resources */,
				88EB1EAD15D1C3E200C84263 /* redPin@2x.png in Resources */,
				88EB1EAE15D1C3E200C84263 /* redPinOrig.png in Resources */,
				88EB1EB015D1CC3F00C84263 /* icon@2x.png in Resources */,
				88EB1EB215D1CC4100C84263 /* icon.png in Resources */,
			);
			runOnlyForDeploymentPostprocessing = 0;
		};
/* End PBXResourcesBuildPhase section */

/* Begin PBXSourcesBuildPhase section */
		8873596415CC6C8D0087DD08 /* Sources */ = {
			isa = PBXSourcesBuildPhase;
			buildActionMask = 2147483647;
			files = (
				8873597915CC6C8D0087DD08 /* main.m in Sources */,
				8873597D15CC6C8D0087DD08 /* SWAppDelegate.m in Sources */,
				8873598B15CC6CB10087DD08 /* SWNewRequestViewController.m in Sources */,
				887359A115CC765A0087DD08 /* SWChooseCarViewController.m in Sources */,
				887359A415CC76940087DD08 /* SWRequestHistoryViewController.m in Sources */,
				887359AB15CC7D940087DD08 /* SWNewCarViewController.m in Sources */,
				887359AE15CC7F0C0087DD08 /* SWRequestCompletedViewController.m in Sources */,
				8825EA2215CCC5AD00CECB4D /* SVProgressHUD.m in Sources */,
				8825EA2615CCC6AE00CECB4D /* SWCar.m in Sources */,
				88EB1E5C15D1919E00C84263 /* SWRequest.m in Sources */,
				88EB1E6215D196CC00C84263 /* SWAddressMatcher.m in Sources */,
				88EB1E6C15D196FA00C84263 /* HTMLNode.m in Sources */,
				88EB1E6D15D196FA00C84263 /* HTMLParser.m in Sources */,
				88EB1E8B15D19CB400C84263 /* AFHTTPClient.m in Sources */,
				88EB1E8C15D19CB400C84263 /* AFHTTPRequestOperation.m in Sources */,
				88EB1E8D15D19CB400C84263 /* AFImageRequestOperation.m in Sources */,
				88EB1E8E15D19CB400C84263 /* AFJSONRequestOperation.m in Sources */,
				88EB1E8F15D19CB400C84263 /* AFJSONUtilities.m in Sources */,
				88EB1E9015D19CB400C84263 /* AFNetworkActivityIndicatorManager.m in Sources */,
				88EB1E9115D19CB400C84263 /* AFPropertyListRequestOperation.m in Sources */,
				88EB1E9215D19CB400C84263 /* AFURLConnectionOperation.m in Sources */,
				88EB1E9315D19CB400C84263 /* AFXMLRequestOperation.m in Sources */,
				88EB1E9415D19CB400C84263 /* UIImageView+AFNetworking.m in Sources */,
				88EB1EA015D1A60700C84263 /* NSString+Levenshtein.m in Sources */,
			);
			runOnlyForDeploymentPostprocessing = 0;
		};
/* End PBXSourcesBuildPhase section */

/* Begin PBXVariantGroup section */
		8873597515CC6C8D0087DD08 /* InfoPlist.strings */ = {
			isa = PBXVariantGroup;
			children = (
				8873597615CC6C8D0087DD08 /* en */,
			);
			name = InfoPlist.strings;
			sourceTree = "<group>";
		};
		8873597E15CC6C8D0087DD08 /* MainStoryboard.storyboard */ = {
			isa = PBXVariantGroup;
			children = (
				8873597F15CC6C8D0087DD08 /* en */,
			);
			name = MainStoryboard.storyboard;
			sourceTree = "<group>";
		};
/* End PBXVariantGroup section */

/* Begin XCBuildConfiguration section */
		8873598415CC6C8D0087DD08 /* Debug */ = {
			isa = XCBuildConfiguration;
			buildSettings = {
				ALWAYS_SEARCH_USER_PATHS = NO;
				ARCHS = "$(ARCHS_STANDARD_32_BIT)";
				CLANG_CXX_LANGUAGE_STANDARD = "gnu++0x";
				CLANG_ENABLE_OBJC_ARC = YES;
				CLANG_WARN__DUPLICATE_METHOD_MATCH = YES;
				"CODE_SIGN_IDENTITY[sdk=iphoneos*]" = "iPhone Developer";
				COPY_PHASE_STRIP = NO;
				GCC_C_LANGUAGE_STANDARD = gnu99;
				GCC_DYNAMIC_NO_PIC = NO;
				GCC_OPTIMIZATION_LEVEL = 0;
				GCC_PREPROCESSOR_DEFINITIONS = (
					"DEBUG=1",
					"$(inherited)",
				);
				GCC_SYMBOLS_PRIVATE_EXTERN = NO;
				GCC_VERSION = com.apple.compilers.llvm.clang.1_0;
				GCC_WARN_ABOUT_RETURN_TYPE = YES;
				GCC_WARN_UNINITIALIZED_AUTOS = YES;
				GCC_WARN_UNUSED_VARIABLE = YES;
				IPHONEOS_DEPLOYMENT_TARGET = 5.1;
				SDKROOT = iphoneos;
			};
			name = Debug;
		};
		8873598515CC6C8D0087DD08 /* Release */ = {
			isa = XCBuildConfiguration;
			buildSettings = {
				ALWAYS_SEARCH_USER_PATHS = NO;
				ARCHS = "$(ARCHS_STANDARD_32_BIT)";
				CLANG_CXX_LANGUAGE_STANDARD = "gnu++0x";
				CLANG_ENABLE_OBJC_ARC = YES;
				CLANG_WARN__DUPLICATE_METHOD_MATCH = YES;
				"CODE_SIGN_IDENTITY[sdk=iphoneos*]" = "iPhone Developer";
				COPY_PHASE_STRIP = YES;
				GCC_C_LANGUAGE_STANDARD = gnu99;
				GCC_VERSION = com.apple.compilers.llvm.clang.1_0;
				GCC_WARN_ABOUT_RETURN_TYPE = YES;
				GCC_WARN_UNINITIALIZED_AUTOS = YES;
				GCC_WARN_UNUSED_VARIABLE = YES;
				IPHONEOS_DEPLOYMENT_TARGET = 5.1;
				OTHER_CFLAGS = "-DNS_BLOCK_ASSERTIONS=1";
				SDKROOT = iphoneos;
				VALIDATE_PRODUCT = YES;
			};
			name = Release;
		};
		8873598715CC6C8D0087DD08 /* Debug */ = {
			isa = XCBuildConfiguration;
			buildSettings = {
				FRAMEWORK_SEARCH_PATHS = "";
				GCC_PRECOMPILE_PREFIX_HEADER = YES;
				GCC_PREFIX_HEADER = "Milwaukee Parking/Milwaukee Parking-Prefix.pch";
				HEADER_SEARCH_PATHS = (
					/usr/include/libxml2,
					"$(SDKROOT)/usr/include/libxml2",
				);
				INFOPLIST_FILE = "Milwaukee Parking/Milwaukee Parking-Info.plist";
				LD_RUNPATH_SEARCH_PATHS = "";
				PRODUCT_NAME = "$(TARGET_NAME)";
				WRAPPER_EXTENSION = app;
			};
			name = Debug;
		};
		8873598815CC6C8D0087DD08 /* Release */ = {
			isa = XCBuildConfiguration;
			buildSettings = {
				FRAMEWORK_SEARCH_PATHS = "";
				GCC_PRECOMPILE_PREFIX_HEADER = YES;
				GCC_PREFIX_HEADER = "Milwaukee Parking/Milwaukee Parking-Prefix.pch";
				HEADER_SEARCH_PATHS = (
					/usr/include/libxml2,
					"$(SDKROOT)/usr/include/libxml2",
				);
				INFOPLIST_FILE = "Milwaukee Parking/Milwaukee Parking-Info.plist";
				LD_RUNPATH_SEARCH_PATHS = "";
				PRODUCT_NAME = "$(TARGET_NAME)";
				WRAPPER_EXTENSION = app;
			};
			name = Release;
		};
/* End XCBuildConfiguration section */

/* Begin XCConfigurationList section */
		8873596215CC6C8D0087DD08 /* Build configuration list for PBXProject "Milwaukee Parking" */ = {
			isa = XCConfigurationList;
			buildConfigurations = (
				8873598415CC6C8D0087DD08 /* Debug */,
				8873598515CC6C8D0087DD08 /* Release */,
			);
			defaultConfigurationIsVisible = 0;
			defaultConfigurationName = Release;
		};
		8873598615CC6C8D0087DD08 /* Build configuration list for PBXNativeTarget "Milwaukee Parking" */ = {
			isa = XCConfigurationList;
			buildConfigurations = (
				8873598715CC6C8D0087DD08 /* Debug */,
				8873598815CC6C8D0087DD08 /* Release */,
			);
			defaultConfigurationIsVisible = 0;
			defaultConfigurationName = Release;
		};
/* End XCConfigurationList section */
	};
	rootObject = 8873595F15CC6C8D0087DD08 /* Project object */;
}
